{
  "name": "Audio Stream Starter Skill Template",
  "version": "1.0.0",
  "lockfileVersion": 1,
  "requires": true,
  "dependencies": {
    "ask-sdk-core": {
      "version": "2.0.7",
      "resolved": "https://registry.npmjs.org/ask-sdk-core/-/ask-sdk-core-2.0.7.tgz",
      "integrity": "sha512-L0YoF7ls0iUoo/WYDYj7uDjAFThYZSDjzF8YvLHIEZyzKVgrNNqxetRorUB+odDoctPWW7RV1xcep8F4p7c1jg=="
    },
    "ask-sdk-model": {
      "version": "1.5.0",
      "resolved": "https://registry.npmjs.org/ask-sdk-model/-/ask-sdk-model-1.5.0.tgz",
      "integrity": "sha512-CpHtK17hmwDvHeNLEV+5QoudMTDibji9WuAA57lT0Evpygc0nrCdJtb7llfEsiomE6LKg/faZkqg4QSwVeGtoQ=="
    }
  }
}
